
Microsoft Visual Studio Solution File, Format Version 12.00
# Visual Studio 14
VisualStudioVersion = 14.0.25420.1
MinimumVisualStudioVersion = 10.0.40219.1
Project("{FAE04EC0-301F-11D3-BF4B-00C04F79EFBC}") = "UmbracoFileSystemProviders.RackspaceCloudFiles", "UmbracoFileSystemProviders.RackspaceCloudFiles\UmbracoFileSystemProviders.RackspaceCloudFiles.csproj", "{A2F7CC03-92E1-411F-B48D-A1756349CC4C}"
EndProject
Project("{FAE04EC0-301F-11D3-BF4B-00C04F79EFBC}") = "UmbracoFileSystemProviders.RackspaceCloudFiles.IntegrationTests", "UmbracoFileSystemProviders.RackspaceCloudFiles.IntegrationTests\UmbracoFileSystemProviders.RackspaceCloudFiles.IntegrationTests.csproj", "{0B4976C0-0131-47C6-B197-92DF031F7FD1}"
EndProject
Global
	GlobalSection(SolutionConfigurationPlatforms) = preSolution
		Debug|Any CPU = Debug|Any CPU
		Release|Any CPU = Release|Any CPU
	EndGlobalSection
	GlobalSection(ProjectConfigurationPlatforms) = postSolution
		{A2F7CC03-92E1-411F-B48D-A1756349CC4C}.Debug|Any CPU.ActiveCfg = Debug|Any CPU
		{A2F7CC03-92E1-411F-B48D-A1756349CC4C}.Debug|Any CPU.Build.0 = Debug|Any CPU
		{A2F7CC03-92E1-411F-B48D-A1756349CC4C}.Release|Any CPU.ActiveCfg = Release|Any CPU
		{A2F7CC03-92E1-411F-B48D-A1756349CC4C}.Release|Any CPU.Build.0 = Release|Any CPU
		{0B4976C0-0131-47C6-B197-92DF031F7FD1}.Debug|Any CPU.ActiveCfg = Debug|Any CPU
		{0B4976C0-0131-47C6-B197-92DF031F7FD1}.Debug|Any CPU.Build.0 = Debug|Any CPU
		{0B4976C0-0131-47C6-B197-92DF031F7FD1}.Release|Any CPU.ActiveCfg = Release|Any CPU
		{0B4976C0-0131-47C6-B197-92DF031F7FD1}.Release|Any CPU.Build.0 = Release|Any CPU
	EndGlobalSection
	GlobalSection(SolutionProperties) = preSolution
		HideSolutionNode = FALSE
	EndGlobalSection
EndGlobal
